
Microsoft Visual Studio Solution File, Format Version 12.00
# Visual Studio 15
VisualStudioVersion = 15.0.27428.2027
MinimumVisualStudioVersion = 10.0.40219.1
Project("{FAE04EC0-301F-11D3-BF4B-00C04F79EFBC}") = "DokkOS.Android", "DokkOS\DokkOS.Android\DokkOS.Android.csproj", "{509480FA-A3B3-4A70-830A-96F7282F4414}"
EndProject
Project("{FAE04EC0-301F-11D3-BF4B-00C04F79EFBC}") = "DokkOS.iOS", "DokkOS\DokkOS.iOS\DokkOS.iOS.csproj", "{AFBF58F1-1165-4DC7-B4F8-D79136D79D11}"
EndProject
Project("{FAE04EC0-301F-11D3-BF4B-00C04F79EFBC}") = "DokkOS.UWP", "DokkOS\DokkOS.UWP\DokkOS.UWP.csproj", "{102E324E-8753-4CFB-95D7-18691AA6C5F0}"
EndProject
Project("{FAE04EC0-301F-11D3-BF4B-00C04F79EFBC}") = "DokkOS", "DokkOS\DokkOS\DokkOS.csproj", "{DDFA1858-3B52-47DC-B1BF-E86E1A8C5099}"
EndProject
Global
	GlobalSection(SolutionConfigurationPlatforms) = preSolution
		Ad-Hoc|Any CPU = Ad-Hoc|Any CPU
		Ad-Hoc|ARM = Ad-Hoc|ARM
		Ad-Hoc|iPhone = Ad-Hoc|iPhone
		Ad-Hoc|iPhoneSimulator = Ad-Hoc|iPhoneSimulator
		Ad-Hoc|x64 = Ad-Hoc|x64
		Ad-Hoc|x86 = Ad-Hoc|x86
		AppStore|Any CPU = AppStore|Any CPU
		AppStore|ARM = AppStore|ARM
		AppStore|iPhone = AppStore|iPhone
		AppStore|iPhoneSimulator = AppStore|iPhoneSimulator
		AppStore|x64 = AppStore|x64
		AppStore|x86 = AppStore|x86
		Debug|Any CPU = Debug|Any CPU
		Debug|ARM = Debug|ARM
		Debug|iPhone = Debug|iPhone
		Debug|iPhoneSimulator = Debug|iPhoneSimulator
		Debug|x64 = Debug|x64
		Debug|x86 = Debug|x86
		Release|Any CPU = Release|Any CPU
		Release|ARM = Release|ARM
		Release|iPhone = Release|iPhone
		Release|iPhoneSimulator = Release|iPhoneSimulator
		Release|x64 = Release|x64
		Release|x86 = Release|x86
	EndGlobalSection
	GlobalSection(ProjectConfigurationPlatforms) = postSolution
		{509480FA-A3B3-4A70-830A-96F7282F4414}.Ad-Hoc|Any CPU.ActiveCfg = Release|Any CPU
		{509480FA-A3B3-4A70-830A-96F7282F4414}.Ad-Hoc|Any CPU.Build.0 = Release|Any CPU
		{509480FA-A3B3-4A70-830A-96F7282F4414}.Ad-Hoc|Any CPU.Deploy.0 = Release|Any CPU
		{509480FA-A3B3-4A70-830A-96F7282F4414}.Ad-Hoc|ARM.ActiveCfg = Release|Any CPU
		{509480FA-A3B3-4A70-830A-96F7282F4414}.Ad-Hoc|ARM.Build.0 = Release|Any CPU
		{509480FA-A3B3-4A70-830A-96F7282F4414}.Ad-Hoc|ARM.Deploy.0 = Release|Any CPU
		{509480FA-A3B3-4A70-830A-96F7282F4414}.Ad-Hoc|iPhone.ActiveCfg = Release|Any CPU
		{509480FA-A3B3-4A70-830A-96F7282F4414}.Ad-Hoc|iPhone.Build.0 = Release|Any CPU
		{509480FA-A3B3-4A70-830A-96F7282F4414}.Ad-Hoc|iPhone.Deploy.0 = Release|Any CPU
		{509480FA-A3B3-4A70-830A-96F7282F4414}.Ad-Hoc|iPhoneSimulator.ActiveCfg = Release|Any CPU
		{509480FA-A3B3-4A70-830A-96F7282F4414}.Ad-Hoc|iPhoneSimulator.Build.0 = Release|Any CPU
		{509480FA-A3B3-4A70-830A-96F7282F4414}.Ad-Hoc|iPhoneSimulator.Deploy.0 = Release|Any CPU
		{509480FA-A3B3-4A70-830A-96F7282F4414}.Ad-Hoc|x64.ActiveCfg = Release|Any CPU
		{509480FA-A3B3-4A70-830A-96F7282F4414}.Ad-Hoc|x64.Build.0 = Release|Any CPU
		{509480FA-A3B3-4A70-830A-96F7282F4414}.Ad-Hoc|x64.Deploy.0 = Release|Any CPU
		{509480FA-A3B3-4A70-830A-96F7282F4414}.Ad-Hoc|x86.ActiveCfg = Release|Any CPU
		{509480FA-A3B3-4A70-830A-96F7282F4414}.Ad-Hoc|x86.Build.0 = Release|Any CPU
		{509480FA-A3B3-4A70-830A-96F7282F4414}.Ad-Hoc|x86.Deploy.0 = Release|Any CPU
		{509480FA-A3B3-4A70-830A-96F7282F4414}.AppStore|Any CPU.ActiveCfg = Release|Any CPU
		{509480FA-A3B3-4A70-830A-96F7282F4414}.AppStore|Any CPU.Build.0 = Release|Any CPU
		{509480FA-A3B3-4A70-830A-96F7282F4414}.AppStore|Any CPU.Deploy.0 = Release|Any CPU
		{509480FA-A3B3-4A70-830A-96F7282F4414}.AppStore|ARM.ActiveCfg = Release|Any CPU
		{509480FA-A3B3-4A70-830A-96F7282F4414}.AppStore|ARM.Build.0 = Release|Any CPU
		{509480FA-A3B3-4A70-830A-96F7282F4414}.AppStore|ARM.Deploy.0 = Release|Any CPU
		{509480FA-A3B3-4A70-830A-96F7282F4414}.AppStore|iPhone.ActiveCfg = Release|Any CPU
		{509480FA-A3B3-4A70-830A-96F7282F4414}.AppStore|iPhone.Build.0 = Release|Any CPU
		{509480FA-A3B3-4A70-830A-96F7282F4414}.AppStore|iPhone.Deploy.0 = Release|Any CPU
		{509480FA-A3B3-4A70-830A-96F7282F4414}.AppStore|iPhoneSimulator.ActiveCfg = Release|Any CPU
		{509480FA-A3B3-4A70-830A-96F7282F4414}.AppStore|iPhoneSimulator.Build.0 = Release|Any CPU
		{509480FA-A3B3-4A70-830A-96F7282F4414}.AppStore|iPhoneSimulator.Deploy.0 = Release|Any CPU
		{509480FA-A3B3-4A70-830A-96F7282F4414}.AppStore|x64.ActiveCfg = Release|Any CPU
		{509480FA-A3B3-4A70-830A-96F7282F4414}.AppStore|x64.Build.0 = Release|Any CPU
		{509480FA-A3B3-4A70-830A-96F7282F4414}.AppStore|x64.Deploy.0 = Release|Any CPU
		{509480FA-A3B3-4A70-830A-96F7282F4414}.AppStore|x86.ActiveCfg = Release|Any CPU
		{509480FA-A3B3-4A70-830A-96F7282F4414}.AppStore|x86.Build.0 = Release|Any CPU
		{509480FA-A3B3-4A70-830A-96F7282F4414}.AppStore|x86.Deploy.0 = Release|Any CPU
		{509480FA-A3B3-4A70-830A-96F7282F4414}.Debug|Any CPU.ActiveCfg = Debug|Any CPU
		{509480FA-A3B3-4A70-830A-96F7282F4414}.Debug|Any CPU.Build.0 = Debug|Any CPU
		{509480FA-A3B3-4A70-830A-96F7282F4414}.Debug|Any CPU.Deploy.0 = Debug|Any CPU
		{509480FA-A3B3-4A70-830A-96F7282F4414}.Debug|ARM.ActiveCfg = Debug|Any CPU
		{509480FA-A3B3-4A70-830A-96F7282F4414}.Debug|ARM.Build.0 = Debug|Any CPU
		{509480FA-A3B3-4A70-830A-96F7282F4414}.Debug|ARM.Deploy.0 = Debug|Any CPU
		{509480FA-A3B3-4A70-830A-96F7282F4414}.Debug|iPhone.ActiveCfg = Debug|Any CPU
		{509480FA-A3B3-4A70-830A-96F7282F4414}.Debug|iPhone.Build.0 = Debug|Any CPU
		{509480FA-A3B3-4A70-830A-96F7282F4414}.Debug|iPhone.Deploy.0 = Debug|Any CPU
		{509480FA-A3B3-4A70-830A-96F7282F4414}.Debug|iPhoneSimulator.ActiveCfg = Debug|Any CPU
		{509480FA-A3B3-4A70-830A-96F7282F4414}.Debug|iPhoneSimulator.Build.0 = Debug|Any CPU
		{509480FA-A3B3-4A70-830A-96F7282F4414}.Debug|iPhoneSimulator.Deploy.0 = Debug|Any CPU
		{509480FA-A3B3-4A70-830A-96F7282F4414}.Debug|x64.ActiveCfg = Debug|Any CPU
		{509480FA-A3B3-4A70-830A-96F7282F4414}.Debug|x64.Build.0 = Debug|Any CPU
		{509480FA-A3B3-4A70-830A-96F7282F4414}.Debug|x64.Deploy.0 = Debug|Any CPU
		{509480FA-A3B3-4A70-830A-96F7282F4414}.Debug|x86.ActiveCfg = Debug|Any CPU
		{509480FA-A3B3-4A70-830A-96F7282F4414}.Debug|x86.Build.0 = Debug|Any CPU
		{509480FA-A3B3-4A70-830A-96F7282F4414}.Debug|x86.Deploy.0 = Debug|Any CPU
		{509480FA-A3B3-4A70-830A-96F7282F4414}.Release|Any CPU.ActiveCfg = Release|Any CPU
		{509480FA-A3B3-4A70-830A-96F7282F4414}.Release|Any CPU.Build.0 = Release|Any CPU
		{509480FA-A3B3-4A70-830A-96F7282F4414}.Release|Any CPU.Deploy.0 = Release|Any CPU
		{509480FA-A3B3-4A70-830A-96F7282F4414}.Release|ARM.ActiveCfg = Release|Any CPU
		{509480FA-A3B3-4A70-830A-96F7282F4414}.Release|ARM.Build.0 = Release|Any CPU
		{509480FA-A3B3-4A70-830A-96F7282F4414}.Release|ARM.Deploy.0 = Release|Any CPU
		{509480FA-A3B3-4A70-830A-96F7282F4414}.Release|iPhone.ActiveCfg = Release|Any CPU
		{509480FA-A3B3-4A70-830A-96F7282F4414}.Release|iPhone.Build.0 = Release|Any CPU
		{509480FA-A3B3-4A70-830A-96F7282F4414}.Release|iPhone.Deploy.0 = Release|Any CPU
		{509480FA-A3B3-4A70-830A-96F7282F4414}.Release|iPhoneSimulator.ActiveCfg = Release|Any CPU
		{509480FA-A3B3-4A70-830A-96F7282F4414}.Release|iPhoneSimulator.Build.0 = Release|Any CPU
		{509480FA-A3B3-4A70-830A-96F7282F4414}.Release|iPhoneSimulator.Deploy.0 = Release|Any CPU
		{509480FA-A3B3-4A70-830A-96F7282F4414}.Release|x64.ActiveCfg = Release|Any CPU
		{509480FA-A3B3-4A70-830A-96F7282F4414}.Release|x64.Build.0 = Release|Any CPU
		{509480FA-A3B3-4A70-830A-96F7282F4414}.Release|x64.Deploy.0 = Release|Any CPU
		{509480FA-A3B3-4A70-830A-96F7282F4414}.Release|x86.ActiveCfg = Release|Any CPU
		{509480FA-A3B3-4A70-830A-96F7282F4414}.Release|x86.Build.0 = Release|Any CPU
		{509480FA-A3B3-4A70-830A-96F7282F4414}.Release|x86.Deploy.0 = Release|Any CPU
		{AFBF58F1-1165-4DC7-B4F8-D79136D79D11}.Ad-Hoc|Any CPU.ActiveCfg = Ad-Hoc|iPhone
		{AFBF58F1-1165-4DC7-B4F8-D79136D79D11}.Ad-Hoc|ARM.ActiveCfg = Ad-Hoc|iPhone
		{AFBF58F1-1165-4DC7-B4F8-D79136D79D11}.Ad-Hoc|iPhone.ActiveCfg = Ad-Hoc|iPhone
		{AFBF58F1-1165-4DC7-B4F8-D79136D79D11}.Ad-Hoc|iPhone.Build.0 = Ad-Hoc|iPhone
		{AFBF58F1-1165-4DC7-B4F8-D79136D79D11}.Ad-Hoc|iPhoneSimulator.ActiveCfg = Ad-Hoc|iPhoneSimulator
		{AFBF58F1-1165-4DC7-B4F8-D79136D79D11}.Ad-Hoc|iPhoneSimulator.Build.0 = Ad-Hoc|iPhoneSimulator
		{AFBF58F1-1165-4DC7-B4F8-D79136D79D11}.Ad-Hoc|x64.ActiveCfg = Ad-Hoc|iPhone
		{AFBF58F1-1165-4DC7-B4F8-D79136D79D11}.Ad-Hoc|x86.ActiveCfg = Ad-Hoc|iPhone
		{AFBF58F1-1165-4DC7-B4F8-D79136D79D11}.AppStore|Any CPU.ActiveCfg = AppStore|iPhone
		{AFBF58F1-1165-4DC7-B4F8-D79136D79D11}.AppStore|ARM.ActiveCfg = AppStore|iPhone
		{AFBF58F1-1165-4DC7-B4F8-D79136D79D11}.AppStore|iPhone.ActiveCfg = AppStore|iPhone
		{AFBF58F1-1165-4DC7-B4F8-D79136D79D11}.AppStore|iPhone.Build.0 = AppStore|iPhone
		{AFBF58F1-1165-4DC7-B4F8-D79136D79D11}.AppStore|iPhoneSimulator.ActiveCfg = AppStore|iPhoneSimulator
		{AFBF58F1-1165-4DC7-B4F8-D79136D79D11}.AppStore|iPhoneSimulator.Build.0 = AppStore|iPhoneSimulator
		{AFBF58F1-1165-4DC7-B4F8-D79136D79D11}.AppStore|x64.ActiveCfg = AppStore|iPhone
		{AFBF58F1-1165-4DC7-B4F8-D79136D79D11}.AppStore|x86.ActiveCfg = AppStore|iPhone
		{AFBF58F1-1165-4DC7-B4F8-D79136D79D11}.Debug|Any CPU.ActiveCfg = Debug|iPhone
		{AFBF58F1-1165-4DC7-B4F8-D79136D79D11}.Debug|ARM.ActiveCfg = Debug|iPhone
		{AFBF58F1-1165-4DC7-B4F8-D79136D79D11}.Debug|iPhone.ActiveCfg = Debug|iPhone
		{AFBF58F1-1165-4DC7-B4F8-D79136D79D11}.Debug|iPhone.Build.0 = Debug|iPhone
		{AFBF58F1-1165-4DC7-B4F8-D79136D79D11}.Debug|iPhoneSimulator.ActiveCfg = Debug|iPhoneSimulator
		{AFBF58F1-1165-4DC7-B4F8-D79136D79D11}.Debug|iPhoneSimulator.Build.0 = Debug|iPhoneSimulator
		{AFBF58F1-1165-4DC7-B4F8-D79136D79D11}.Debug|x64.ActiveCfg = Debug|iPhone
		{AFBF58F1-1165-4DC7-B4F8-D79136D79D11}.Debug|x86.ActiveCfg = Debug|iPhone
		{AFBF58F1-1165-4DC7-B4F8-D79136D79D11}.Release|Any CPU.ActiveCfg = Release|iPhone
		{AFBF58F1-1165-4DC7-B4F8-D79136D79D11}.Release|ARM.ActiveCfg = Release|iPhone
		{AFBF58F1-1165-4DC7-B4F8-D79136D79D11}.Release|iPhone.ActiveCfg = Release|iPhone
		{AFBF58F1-1165-4DC7-B4F8-D79136D79D11}.Release|iPhone.Build.0 = Release|iPhone
		{AFBF58F1-1165-4DC7-B4F8-D79136D79D11}.Release|iPhoneSimulator.ActiveCfg = Release|iPhoneSimulator
		{AFBF58F1-1165-4DC7-B4F8-D79136D79D11}.Release|iPhoneSimulator.Build.0 = Release|iPhoneSimulator
		{AFBF58F1-1165-4DC7-B4F8-D79136D79D11}.Release|x64.ActiveCfg = Release|iPhone
		{AFBF58F1-1165-4DC7-B4F8-D79136D79D11}.Release|x86.ActiveCfg = Release|iPhone
		{102E324E-8753-4CFB-95D7-18691AA6C5F0}.Ad-Hoc|Any CPU.ActiveCfg = Release|x86
		{102E324E-8753-4CFB-95D7-18691AA6C5F0}.Ad-Hoc|Any CPU.Build.0 = Release|x86
		{102E324E-8753-4CFB-95D7-18691AA6C5F0}.Ad-Hoc|Any CPU.Deploy.0 = Release|x86
		{102E324E-8753-4CFB-95D7-18691AA6C5F0}.Ad-Hoc|ARM.ActiveCfg = Release|ARM
		{102E324E-8753-4CFB-95D7-18691AA6C5F0}.Ad-Hoc|ARM.Build.0 = Release|ARM
		{102E324E-8753-4CFB-95D7-18691AA6C5F0}.Ad-Hoc|ARM.Deploy.0 = Release|ARM
		{102E324E-8753-4CFB-95D7-18691AA6C5F0}.Ad-Hoc|iPhone.ActiveCfg = Release|x86
		{102E324E-8753-4CFB-95D7-18691AA6C5F0}.Ad-Hoc|iPhone.Build.0 = Release|x86
		{102E324E-8753-4CFB-95D7-18691AA6C5F0}.Ad-Hoc|iPhone.Deploy.0 = Release|x86
		{102E324E-8753-4CFB-95D7-18691AA6C5F0}.Ad-Hoc|iPhoneSimulator.ActiveCfg = Release|x86
		{102E324E-8753-4CFB-95D7-18691AA6C5F0}.Ad-Hoc|iPhoneSimulator.Build.0 = Release|x86
		{102E324E-8753-4CFB-95D7-18691AA6C5F0}.Ad-Hoc|iPhoneSimulator.Deploy.0 = Release|x86
		{102E324E-8753-4CFB-95D7-18691AA6C5F0}.Ad-Hoc|x64.ActiveCfg = Release|x64
		{102E324E-8753-4CFB-95D7-18691AA6C5F0}.Ad-Hoc|x64.Build.0 = Release|x64
		{102E324E-8753-4CFB-95D7-18691AA6C5F0}.Ad-Hoc|x64.Deploy.0 = Release|x64
		{102E324E-8753-4CFB-95D7-18691AA6C5F0}.Ad-Hoc|x86.ActiveCfg = Release|x86
		{102E324E-8753-4CFB-95D7-18691AA6C5F0}.Ad-Hoc|x86.Build.0 = Release|x86
		{102E324E-8753-4CFB-95D7-18691AA6C5F0}.Ad-Hoc|x86.Deploy.0 = Release|x86
		{102E324E-8753-4CFB-95D7-18691AA6C5F0}.AppStore|Any CPU.ActiveCfg = Release|x86
		{102E324E-8753-4CFB-95D7-18691AA6C5F0}.AppStore|Any CPU.Build.0 = Release|x86
		{102E324E-8753-4CFB-95D7-18691AA6C5F0}.AppStore|Any CPU.Deploy.0 = Release|x86
		{102E324E-8753-4CFB-95D7-18691AA6C5F0}.AppStore|ARM.ActiveCfg = Release|ARM
		{102E324E-8753-4CFB-95D7-18691AA6C5F0}.AppStore|ARM.Build.0 = Release|ARM
		{102E324E-8753-4CFB-95D7-18691AA6C5F0}.AppStore|ARM.Deploy.0 = Release|ARM
		{102E324E-8753-4CFB-95D7-18691AA6C5F0}.AppStore|iPhone.ActiveCfg = Release|x86
		{102E324E-8753-4CFB-95D7-18691AA6C5F0}.AppStore|iPhone.Build.0 = Release|x86
		{102E324E-8753-4CFB-95D7-18691AA6C5F0}.AppStore|iPhone.Deploy.0 = Release|x86
		{102E324E-8753-4CFB-95D7-18691AA6C5F0}.AppStore|iPhoneSimulator.ActiveCfg = Release|x86
		{102E324E-8753-4CFB-95D7-18691AA6C5F0}.AppStore|iPhoneSimulator.Build.0 = Release|x86
		{102E324E-8753-4CFB-95D7-18691AA6C5F0}.AppStore|iPhoneSimulator.Deploy.0 = Release|x86
		{102E324E-8753-4CFB-95D7-18691AA6C5F0}.AppStore|x64.ActiveCfg = Release|x64
		{102E324E-8753-4CFB-95D7-18691AA6C5F0}.AppStore|x64.Build.0 = Release|x64
		{102E324E-8753-4CFB-95D7-18691AA6C5F0}.AppStore|x64.Deploy.0 = Release|x64
		{102E324E-8753-4CFB-95D7-18691AA6C5F0}.AppStore|x86.ActiveCfg = Release|x86
		{102E324E-8753-4CFB-95D7-18691AA6C5F0}.AppStore|x86.Build.0 = Release|x86
		{102E324E-8753-4CFB-95D7-18691AA6C5F0}.AppStore|x86.Deploy.0 = Release|x86
		{102E324E-8753-4CFB-95D7-18691AA6C5F0}.Debug|Any CPU.ActiveCfg = Debug|x86
		{102E324E-8753-4CFB-95D7-18691AA6C5F0}.Debug|ARM.ActiveCfg = Debug|ARM
		{102E324E-8753-4CFB-95D7-18691AA6C5F0}.Debug|ARM.Build.0 = Debug|ARM
		{102E324E-8753-4CFB-95D7-18691AA6C5F0}.Debug|ARM.Deploy.0 = Debug|ARM
		{102E324E-8753-4CFB-95D7-18691AA6C5F0}.Debug|iPhone.ActiveCfg = Debug|x86
		{102E324E-8753-4CFB-95D7-18691AA6C5F0}.Debug|iPhoneSimulator.ActiveCfg = Debug|x86
		{102E324E-8753-4CFB-95D7-18691AA6C5F0}.Debug|x64.ActiveCfg = Debug|x64
		{102E324E-8753-4CFB-95D7-18691AA6C5F0}.Debug|x64.Build.0 = Debug|x64
		{102E324E-8753-4CFB-95D7-18691AA6C5F0}.Debug|x64.Deploy.0 = Debug|x64
		{102E324E-8753-4CFB-95D7-18691AA6C5F0}.Debug|x86.ActiveCfg = Debug|x86
		{102E324E-8753-4CFB-95D7-18691AA6C5F0}.Debug|x86.Build.0 = Debug|x86
		{102E324E-8753-4CFB-95D7-18691AA6C5F0}.Debug|x86.Deploy.0 = Debug|x86
		{102E324E-8753-4CFB-95D7-18691AA6C5F0}.Release|Any CPU.ActiveCfg = Release|x86
		{102E324E-8753-4CFB-95D7-18691AA6C5F0}.Release|ARM.ActiveCfg = Release|ARM
		{102E324E-8753-4CFB-95D7-18691AA6C5F0}.Release|ARM.Build.0 = Release|ARM
		{102E324E-8753-4CFB-95D7-18691AA6C5F0}.Release|ARM.Deploy.0 = Release|ARM
		{102E324E-8753-4CFB-95D7-18691AA6C5F0}.Release|iPhone.ActiveCfg = Release|x86
		{102E324E-8753-4CFB-95D7-18691AA6C5F0}.Release|iPhoneSimulator.ActiveCfg = Release|x86
		{102E324E-8753-4CFB-95D7-18691AA6C5F0}.Release|x64.ActiveCfg = Release|x64
		{102E324E-8753-4CFB-95D7-18691AA6C5F0}.Release|x64.Build.0 = Release|x64
		{102E324E-8753-4CFB-95D7-18691AA6C5F0}.Release|x64.Deploy.0 = Release|x64
		{102E324E-8753-4CFB-95D7-18691AA6C5F0}.Release|x86.ActiveCfg = Release|x86
		{102E324E-8753-4CFB-95D7-18691AA6C5F0}.Release|x86.Build.0 = Release|x86
		{102E324E-8753-4CFB-95D7-18691AA6C5F0}.Release|x86.Deploy.0 = Release|x86
		{DDFA1858-3B52-47DC-B1BF-E86E1A8C5099}.Ad-Hoc|Any CPU.ActiveCfg = Debug|Any CPU
		{DDFA1858-3B52-47DC-B1BF-E86E1A8C5099}.Ad-Hoc|Any CPU.Build.0 = Debug|Any CPU
		{DDFA1858-3B52-47DC-B1BF-E86E1A8C5099}.Ad-Hoc|ARM.ActiveCfg = Debug|Any CPU
		{DDFA1858-3B52-47DC-B1BF-E86E1A8C5099}.Ad-Hoc|ARM.Build.0 = Debug|Any CPU
		{DDFA1858-3B52-47DC-B1BF-E86E1A8C5099}.Ad-Hoc|iPhone.ActiveCfg = Debug|Any CPU
		{DDFA1858-3B52-47DC-B1BF-E86E1A8C5099}.Ad-Hoc|iPhone.Build.0 = Debug|Any CPU
		{DDFA1858-3B52-47DC-B1BF-E86E1A8C5099}.Ad-Hoc|iPhoneSimulator.ActiveCfg = Debug|Any CPU
		{DDFA1858-3B52-47DC-B1BF-E86E1A8C5099}.Ad-Hoc|iPhoneSimulator.Build.0 = Debug|Any CPU
		{DDFA1858-3B52-47DC-B1BF-E86E1A8C5099}.Ad-Hoc|x64.ActiveCfg = Debug|Any CPU
		{DDFA1858-3B52-47DC-B1BF-E86E1A8C5099}.Ad-Hoc|x64.Build.0 = Debug|Any CPU
		{DDFA1858-3B52-47DC-B1BF-E86E1A8C5099}.Ad-Hoc|x86.ActiveCfg = Debug|Any CPU
		{DDFA1858-3B52-47DC-B1BF-E86E1A8C5099}.Ad-Hoc|x86.Build.0 = Debug|Any CPU
		{DDFA1858-3B52-47DC-B1BF-E86E1A8C5099}.AppStore|Any CPU.ActiveCfg = Debug|Any CPU
		{DDFA1858-3B52-47DC-B1BF-E86E1A8C5099}.AppStore|Any CPU.Build.0 = Debug|Any CPU
		{DDFA1858-3B52-47DC-B1BF-E86E1A8C5099}.AppStore|ARM.ActiveCfg = Debug|Any CPU
		{DDFA1858-3B52-47DC-B1BF-E86E1A8C5099}.AppStore|ARM.Build.0 = Debug|Any CPU
		{DDFA1858-3B52-47DC-B1BF-E86E1A8C5099}.AppStore|iPhone.ActiveCfg = Debug|Any CPU
		{DDFA1858-3B52-47DC-B1BF-E86E1A8C5099}.AppStore|iPhone.Build.0 = Debug|Any CPU
		{DDFA1858-3B52-47DC-B1BF-E86E1A8C5099}.AppStore|iPhoneSimulator.ActiveCfg = Debug|Any CPU
		{DDFA1858-3B52-47DC-B1BF-E86E1A8C5099}.AppStore|iPhoneSimulator.Build.0 = Debug|Any CPU
		{DDFA1858-3B52-47DC-B1BF-E86E1A8C5099}.AppStore|x64.ActiveCfg = Debug|Any CPU
		{DDFA1858-3B52-47DC-B1BF-E86E1A8C5099}.AppStore|x64.Build.0 = Debug|Any CPU
		{DDFA1858-3B52-47DC-B1BF-E86E1A8C5099}.AppStore|x86.ActiveCfg = Debug|Any CPU
		{DDFA1858-3B52-47DC-B1BF-E86E1A8C5099}.AppStore|x86.Build.0 = Debug|Any CPU
		{DDFA1858-3B52-47DC-B1BF-E86E1A8C5099}.Debug|Any CPU.ActiveCfg = Debug|Any CPU
		{DDFA1858-3B52-47DC-B1BF-E86E1A8C5099}.Debug|Any CPU.Build.0 = Debug|Any CPU
		{DDFA1858-3B52-47DC-B1BF-E86E1A8C5099}.Debug|ARM.ActiveCfg = Debug|Any CPU
		{DDFA1858-3B52-47DC-B1BF-E86E1A8C5099}.Debug|ARM.Build.0 = Debug|Any CPU
		{DDFA1858-3B52-47DC-B1BF-E86E1A8C5099}.Debug|iPhone.ActiveCfg = Debug|Any CPU
		{DDFA1858-3B52-47DC-B1BF-E86E1A8C5099}.Debug|iPhone.Build.0 = Debug|Any CPU
		{DDFA1858-3B52-47DC-B1BF-E86E1A8C5099}.Debug|iPhoneSimulator.ActiveCfg = Debug|Any CPU
		{DDFA1858-3B52-47DC-B1BF-E86E1A8C5099}.Debug|iPhoneSimulator.Build.0 = Debug|Any CPU
		{DDFA1858-3B52-47DC-B1BF-E86E1A8C5099}.Debug|x64.ActiveCfg = Debug|Any CPU
		{DDFA1858-3B52-47DC-B1BF-E86E1A8C5099}.Debug|x64.Build.0 = Debug|Any CPU
		{DDFA1858-3B52-47DC-B1BF-E86E1A8C5099}.Debug|x86.ActiveCfg = Debug|Any CPU
		{DDFA1858-3B52-47DC-B1BF-E86E1A8C5099}.Debug|x86.Build.0 = Debug|Any CPU
		{DDFA1858-3B52-47DC-B1BF-E86E1A8C5099}.Release|Any CPU.ActiveCfg = Release|Any CPU
		{DDFA1858-3B52-47DC-B1BF-E86E1A8C5099}.Release|Any CPU.Build.0 = Release|Any CPU
		{DDFA1858-3B52-47DC-B1BF-E86E1A8C5099}.Release|ARM.ActiveCfg = Release|Any CPU
		{DDFA1858-3B52-47DC-B1BF-E86E1A8C5099}.Release|ARM.Build.0 = Release|Any CPU
		{DDFA1858-3B52-47DC-B1BF-E86E1A8C5099}.Release|iPhone.ActiveCfg = Release|Any CPU
		{DDFA1858-3B52-47DC-B1BF-E86E1A8C5099}.Release|iPhone.Build.0 = Release|Any CPU
		{DDFA1858-3B52-47DC-B1BF-E86E1A8C5099}.Release|iPhoneSimulator.ActiveCfg = Release|Any CPU
		{DDFA1858-3B52-47DC-B1BF-E86E1A8C5099}.Release|iPhoneSimulator.Build.0 = Release|Any CPU
		{DDFA1858-3B52-47DC-B1BF-E86E1A8C5099}.Release|x64.ActiveCfg = Release|Any CPU
		{DDFA1858-3B52-47DC-B1BF-E86E1A8C5099}.Release|x64.Build.0 = Release|Any CPU
		{DDFA1858-3B52-47DC-B1BF-E86E1A8C5099}.Release|x86.ActiveCfg = Release|Any CPU
		{DDFA1858-3B52-47DC-B1BF-E86E1A8C5099}.Release|x86.Build.0 = Release|Any CPU
	EndGlobalSection
	GlobalSection(SolutionProperties) = preSolution
		HideSolutionNode = FALSE
	EndGlobalSection
	GlobalSection(ExtensibilityGlobals) = postSolution
		SolutionGuid = {02504798-C8AB-434E-9340-C1604F41DCBC}
	EndGlobalSection
EndGlobal
